{
  "name": "reveal.js",
  "version": "3.6.0",
  "lockfileVersion": 1,
  "requires": true,
  "dependencies": {
    "reveal.js-menu": {
      "version": "1.1.1",
      "resolved": "https://registry.npmjs.org/reveal.js-menu/-/reveal.js-menu-1.1.1.tgz",
      "integrity": "sha512-6Bp2fJ+d+UmQIBUonMl+0a6w/hQ+EFrRLypoZMJRH+/Gy+9pANaiIAcfTP617a1vs0l42sGP104mq8EXN3JDOg=="
    },
    "reveal.js-toolbar": {
      "version": "0.1.4",
      "resolved": "https://registry.npmjs.org/reveal.js-toolbar/-/reveal.js-toolbar-0.1.4.tgz",
      "integrity": "sha512-lG0KmUmAha+zzsheNZl5TdHVIA+nF+4W/IbVCefzvwAftZtl+V89j5rUaPl2iuUOKIqHgsnCSsJB8FUYjGgBYA=="
    }
  }
}
